
Microsoft Visual Studio Solution File, Format Version 12.00
Project("{FAE04EC0-301F-11D3-BF4B-00C04F79EFBC}") = "TaskerApi", "TaskerApi\TaskerApi.csproj", "{6A679118-EBFD-4BF8-AE47-B212C785AAEC}"
EndProject
Project("{2150E333-8FDC-42A3-9474-1A3956D46DE8}") = "Solution Items", "Solution Items", "{F96A6012-FB36-43C2-893E-59463186585B}"
	ProjectSection(SolutionItems) = preProject
		compose.yaml = compose.yaml
	EndProjectSection
EndProject
Project("{FAE04EC0-301F-11D3-BF4B-00C04F79EFBC}") = "TaskerApiTests", "TaskerApiTests\TaskerApiTests.csproj", "{1E3B9CCB-56AC-42F9-ABFA-D6BB4614F158}"
EndProject
Global
	GlobalSection(SolutionConfigurationPlatforms) = preSolution
		Debug|Any CPU = Debug|Any CPU
		Release|Any CPU = Release|Any CPU
	EndGlobalSection
	GlobalSection(ProjectConfigurationPlatforms) = postSolution
		{6A679118-EBFD-4BF8-AE47-B212C785AAEC}.Debug|Any CPU.ActiveCfg = Debug|Any CPU
		{6A679118-EBFD-4BF8-AE47-B212C785AAEC}.Debug|Any CPU.Build.0 = Debug|Any CPU
		{6A679118-EBFD-4BF8-AE47-B212C785AAEC}.Release|Any CPU.ActiveCfg = Release|Any CPU
		{6A679118-EBFD-4BF8-AE47-B212C785AAEC}.Release|Any CPU.Build.0 = Release|Any CPU
		{1E3B9CCB-56AC-42F9-ABFA-D6BB4614F158}.Debug|Any CPU.ActiveCfg = Debug|Any CPU
		{1E3B9CCB-56AC-42F9-ABFA-D6BB4614F158}.Debug|Any CPU.Build.0 = Debug|Any CPU
		{1E3B9CCB-56AC-42F9-ABFA-D6BB4614F158}.Release|Any CPU.ActiveCfg = Release|Any CPU
		{1E3B9CCB-56AC-42F9-ABFA-D6BB4614F158}.Release|Any CPU.Build.0 = Release|Any CPU
	EndGlobalSection
EndGlobal
